# THIS IS AN AUTOGENERATED FILE. DO NOT EDIT THIS FILE DIRECTLY.
# yarn lockfile v1


"@hotwired/turbo-rails@^8.0.13":
  version "8.0.13"
  resolved "https://registry.yarnpkg.com/@hotwired/turbo-rails/-/turbo-rails-8.0.13.tgz#7016651f7144053992ce5096bb95495f8faa5854"
  integrity sha512-6SCnnOSzhtaJ0pNkAjncZxjtKsK3sP/vPEkCnTXBXSHkr+vF7DTZkOlwjhms1DbbQNTsjCsBoKvzSMbh/omSCQ==
  dependencies:
    "@hotwired/turbo" "^8.0.13"
    "@rails/actioncable" "^7.0"

"@hotwired/turbo@^8.0.13":
  version "8.0.13"
  resolved "https://registry.yarnpkg.com/@hotwired/turbo/-/turbo-8.0.13.tgz#ab35fda9d358432c8a872a833844b38cccb8c25b"
  integrity sha512-M7qXUqcGab6G5PKOiwhgbByTtrPgKPFCTMNQ52QhzUEXEqmp0/ApEguUesh/FPiUjrmFec+3lq98KsWnYY2C7g==

"@nathanvda/cocoon@^1.2.14":
  version "1.2.14"
  resolved "https://registry.yarnpkg.com/@nathanvda/cocoon/-/cocoon-1.2.14.tgz#aaea910e4b9c0d28d5bdcb7f3743617db46b09af"
  integrity sha512-WcEt2vVp50de2i7rkD4O+96O1iMtMIcTBNGPocrHfcmHDujKOngoLHFF8Ektgoh8PjwFAJMxx8WyGv0BtKTjxQ==
  dependencies:
    jquery "^3.3.1"

"@rails/actioncable@^7.0":
  version "7.2.201"
  resolved "https://registry.yarnpkg.com/@rails/actioncable/-/actioncable-7.2.201.tgz#bfb3da01b3e2462f5a18f372c52dedd7de76037f"
  integrity sha512-wsTdWoZ5EfG5k3t7ORdyQF0ZmDEgN4aVPCanHAiNEwCROqibSZMXXmCbH7IDJUVri4FOeAVwwbPINI7HVHPKBw==

flatpickr@^4.6.13:
  version "4.6.13"
  resolved "https://registry.yarnpkg.com/flatpickr/-/flatpickr-4.6.13.tgz#8a029548187fd6e0d670908471e43abe9ad18d94"
  integrity sha512-97PMG/aywoYpB4IvbvUJi0RQi8vearvU0oov1WW3k0WZPBMrTQVqekSX5CjSG/M4Q3i6A/0FKXC7RyAoAUUSPw==

intl-tel-input@^25.3.1:
  version "25.3.1"
  resolved "https://registry.yarnpkg.com/intl-tel-input/-/intl-tel-input-25.3.1.tgz#15d51d9ae22deede5648756d3b210fc46f908881"
  integrity sha512-0Xls8/hnvPv6EqfDJ+cz6h/MGvEYiHkerrQBHMmRuuBPZ0MedDyzRqqdSkhFXXGt9YTihmBhXwtWoeHjdouIKA==

jquery@^3.3.1, jquery@^3.7.1:
  version "3.7.1"
  resolved "https://registry.yarnpkg.com/jquery/-/jquery-3.7.1.tgz#083ef98927c9a6a74d05a6af02806566d16274de"
  integrity sha512-m4avr8yL8kmFN8psrbFFFmB/If14iN5o9nw/NgnnM+kybDJpRsAynV2BsfpTYrTRysYUdADVD7CkUUizgkpLfg==
